Microsoft Visual Studio Solution File, Format Version 12.00
# Visual Studio 2012
Project("{8BC9CEB8-8B4A-11D0-8D11-00A0C91BC942}") = "ALL_BUILD", "ALL_BUILD.vcxproj", "{270EFEF5-A065-400B-BBD5-022857978D9A}"
	ProjectSection(ProjectDependencies) = postProject
		{F2984961-53A8-4150-AB48-898DC1727F93} = {F2984961-53A8-4150-AB48-898DC1727F93}
		{11A3D474-3D92-422C-B9B8-93BD5F72298C} = {11A3D474-3D92-422C-B9B8-93BD5F72298C}
	EndProjectSection
EndProject
Project("{8BC9CEB8-8B4A-11D0-8D11-00A0C91BC942}") = "ZERO_CHECK", "ZERO_CHECK.vcxproj", "{F2984961-53A8-4150-AB48-898DC1727F93}"
	ProjectSection(ProjectDependencies) = postProject
	EndProjectSection
EndProject
Project("{8BC9CEB8-8B4A-11D0-8D11-00A0C91BC942}") = "kazu", "kazu.vcxproj", "{11A3D474-3D92-422C-B9B8-93BD5F72298C}"
	ProjectSection(ProjectDependencies) = postProject
		{F2984961-53A8-4150-AB48-898DC1727F93} = {F2984961-53A8-4150-AB48-898DC1727F93}
	EndProjectSection
EndProject
Global
	GlobalSection(SolutionConfigurationPlatforms) = preSolution
		Debug|Win32 = Debug|Win32
		Release|Win32 = Release|Win32
		MinSizeRel|Win32 = MinSizeRel|Win32
		RelWithDebInfo|Win32 = RelWithDebInfo|Win32
	EndGlobalSection
	GlobalSection(ProjectConfigurationPlatforms) = postSolution
		{270EFEF5-A065-400B-BBD5-022857978D9A}.Debug|Win32.ActiveCfg = Debug|Win32
		{270EFEF5-A065-400B-BBD5-022857978D9A}.Release|Win32.ActiveCfg = Release|Win32
		{270EFEF5-A065-400B-BBD5-022857978D9A}.MinSizeRel|Win32.ActiveCfg = MinSizeRel|Win32
		{270EFEF5-A065-400B-BBD5-022857978D9A}.RelWithDebInfo|Win32.ActiveCfg = RelWithDebInfo|Win32
		{F2984961-53A8-4150-AB48-898DC1727F93}.Debug|Win32.ActiveCfg = Debug|Win32
		{F2984961-53A8-4150-AB48-898DC1727F93}.Debug|Win32.Build.0 = Debug|Win32
		{F2984961-53A8-4150-AB48-898DC1727F93}.Release|Win32.ActiveCfg = Release|Win32
		{F2984961-53A8-4150-AB48-898DC1727F93}.Release|Win32.Build.0 = Release|Win32
		{F2984961-53A8-4150-AB48-898DC1727F93}.MinSizeRel|Win32.ActiveCfg = MinSizeRel|Win32
		{F2984961-53A8-4150-AB48-898DC1727F93}.MinSizeRel|Win32.Build.0 = MinSizeRel|Win32
		{F2984961-53A8-4150-AB48-898DC1727F93}.RelWithDebInfo|Win32.ActiveCfg = RelWithDebInfo|Win32
		{F2984961-53A8-4150-AB48-898DC1727F93}.RelWithDebInfo|Win32.Build.0 = RelWithDebInfo|Win32
		{11A3D474-3D92-422C-B9B8-93BD5F72298C}.Debug|Win32.ActiveCfg = Debug|Win32
		{11A3D474-3D92-422C-B9B8-93BD5F72298C}.Debug|Win32.Build.0 = Debug|Win32
		{11A3D474-3D92-422C-B9B8-93BD5F72298C}.Release|Win32.ActiveCfg = Release|Win32
		{11A3D474-3D92-422C-B9B8-93BD5F72298C}.Release|Win32.Build.0 = Release|Win32
		{11A3D474-3D92-422C-B9B8-93BD5F72298C}.MinSizeRel|Win32.ActiveCfg = MinSizeRel|Win32
		{11A3D474-3D92-422C-B9B8-93BD5F72298C}.MinSizeRel|Win32.Build.0 = MinSizeRel|Win32
		{11A3D474-3D92-422C-B9B8-93BD5F72298C}.RelWithDebInfo|Win32.ActiveCfg = RelWithDebInfo|Win32
		{11A3D474-3D92-422C-B9B8-93BD5F72298C}.RelWithDebInfo|Win32.Build.0 = RelWithDebInfo|Win32
	EndGlobalSection
	GlobalSection(ExtensibilityGlobals) = postSolution
	EndGlobalSection
	GlobalSection(ExtensibilityAddIns) = postSolution
	EndGlobalSection
EndGlobal
