Microsoft Visual Studio Solution File, Format Version 12.00
# Visual Studio 2012
Project("{8BC9CEB8-8B4A-11D0-8D11-00A0C91BC942}") = "ALL_BUILD", "ALL_BUILD.vcxproj", "{4DBAE816-F12D-4D52-819F-6D81E761E924}"
	ProjectSection(ProjectDependencies) = postProject
		{7B43F70E-F969-4AB4-B627-78966D0C4592} = {7B43F70E-F969-4AB4-B627-78966D0C4592}
		{18B02293-FF30-475F-9EC1-41DA2A31D03E} = {18B02293-FF30-475F-9EC1-41DA2A31D03E}
	EndProjectSection
EndProject
Project("{8BC9CEB8-8B4A-11D0-8D11-00A0C91BC942}") = "ZERO_CHECK", "ZERO_CHECK.vcxproj", "{7B43F70E-F969-4AB4-B627-78966D0C4592}"
	ProjectSection(ProjectDependencies) = postProject
	EndProjectSection
EndProject
Project("{8BC9CEB8-8B4A-11D0-8D11-00A0C91BC942}") = "kazu", "src\kazu.vcxproj", "{18B02293-FF30-475F-9EC1-41DA2A31D03E}"
	ProjectSection(ProjectDependencies) = postProject
		{7B43F70E-F969-4AB4-B627-78966D0C4592} = {7B43F70E-F969-4AB4-B627-78966D0C4592}
	EndProjectSection
EndProject
Global
	GlobalSection(SolutionConfigurationPlatforms) = preSolution
		Debug|Win32 = Debug|Win32
		Release|Win32 = Release|Win32
		MinSizeRel|Win32 = MinSizeRel|Win32
		RelWithDebInfo|Win32 = RelWithDebInfo|Win32
	EndGlobalSection
	GlobalSection(ProjectConfigurationPlatforms) = postSolution
		{4DBAE816-F12D-4D52-819F-6D81E761E924}.Debug|Win32.ActiveCfg = Debug|Win32
		{4DBAE816-F12D-4D52-819F-6D81E761E924}.Release|Win32.ActiveCfg = Release|Win32
		{4DBAE816-F12D-4D52-819F-6D81E761E924}.MinSizeRel|Win32.ActiveCfg = MinSizeRel|Win32
		{4DBAE816-F12D-4D52-819F-6D81E761E924}.RelWithDebInfo|Win32.ActiveCfg = RelWithDebInfo|Win32
		{7B43F70E-F969-4AB4-B627-78966D0C4592}.Debug|Win32.ActiveCfg = Debug|Win32
		{7B43F70E-F969-4AB4-B627-78966D0C4592}.Debug|Win32.Build.0 = Debug|Win32
		{7B43F70E-F969-4AB4-B627-78966D0C4592}.Release|Win32.ActiveCfg = Release|Win32
		{7B43F70E-F969-4AB4-B627-78966D0C4592}.Release|Win32.Build.0 = Release|Win32
		{7B43F70E-F969-4AB4-B627-78966D0C4592}.MinSizeRel|Win32.ActiveCfg = MinSizeRel|Win32
		{7B43F70E-F969-4AB4-B627-78966D0C4592}.MinSizeRel|Win32.Build.0 = MinSizeRel|Win32
		{7B43F70E-F969-4AB4-B627-78966D0C4592}.RelWithDebInfo|Win32.ActiveCfg = RelWithDebInfo|Win32
		{7B43F70E-F969-4AB4-B627-78966D0C4592}.RelWithDebInfo|Win32.Build.0 = RelWithDebInfo|Win32
		{18B02293-FF30-475F-9EC1-41DA2A31D03E}.Debug|Win32.ActiveCfg = Debug|Win32
		{18B02293-FF30-475F-9EC1-41DA2A31D03E}.Debug|Win32.Build.0 = Debug|Win32
		{18B02293-FF30-475F-9EC1-41DA2A31D03E}.Release|Win32.ActiveCfg = Release|Win32
		{18B02293-FF30-475F-9EC1-41DA2A31D03E}.Release|Win32.Build.0 = Release|Win32
		{18B02293-FF30-475F-9EC1-41DA2A31D03E}.MinSizeRel|Win32.ActiveCfg = MinSizeRel|Win32
		{18B02293-FF30-475F-9EC1-41DA2A31D03E}.MinSizeRel|Win32.Build.0 = MinSizeRel|Win32
		{18B02293-FF30-475F-9EC1-41DA2A31D03E}.RelWithDebInfo|Win32.ActiveCfg = RelWithDebInfo|Win32
		{18B02293-FF30-475F-9EC1-41DA2A31D03E}.RelWithDebInfo|Win32.Build.0 = RelWithDebInfo|Win32
	EndGlobalSection
	GlobalSection(ExtensibilityGlobals) = postSolution
	EndGlobalSection
	GlobalSection(ExtensibilityAddIns) = postSolution
	EndGlobalSection
EndGlobal
